// !$*UTF8*$!
{
	archiveVersion = 1;
	classes = {
	};
	objectVersion = 48;
	objects = {

/* Begin PBXBuildFile section */
		4C04E93720FFECEB008EE62D /* AppDelegate.swift in Sources */ = {isa = PBXBuildFile; fileRef = 4C04E93620FFECEB008EE62D /* AppDelegate.swift */; };
		4C04E93920FFECEB008EE62D /* MainViewController.swift in Sources */ = {isa = PBXBuildFile; fileRef = 4C04E93820FFECEB008EE62D /* MainViewController.swift */; };
		4C04E93E20FFECEB008EE62D /* Assets.xcassets in Resources */ = {isa = PBXBuildFile; fileRef = 4C04E93D20FFECEB008EE62D /* Assets.xcassets */; };
		4C04E94120FFECEB008EE62D /* LaunchScreen.storyboard in Resources */ = {isa = PBXBuildFile; fileRef = 4C04E93F20FFECEB008EE62D /* LaunchScreen.storyboard */; };
		4C04E94920FFED20008EE62D /* Main.storyboard in Resources */ = {isa = PBXBuildFile; fileRef = 4C04E94820FFED1F008EE62D /* Main.storyboard */; };
		4C04E94B20FFEE19008EE62D /* RecepieCusineSelectorViewController.swift in Sources */ = {isa = PBXBuildFile; fileRef = 4C04E94A20FFEE19008EE62D /* RecepieCusineSelectorViewController.swift */; };
		4C04E94D20FFEEC5008EE62D /* RestaurantCusineSelectorViewController.swift in Sources */ = {isa = PBXBuildFile; fileRef = 4C04E94C20FFEEC5008EE62D /* RestaurantCusineSelectorViewController.swift */; };
		4C04E94F20FFF051008EE62D /* RecepieViewController.swift in Sources */ = {isa = PBXBuildFile; fileRef = 4C04E94E20FFF051008EE62D /* RecepieViewController.swift */; };
		4C04E95120FFF065008EE62D /* RestaurantViewController.swift in Sources */ = {isa = PBXBuildFile; fileRef = 4C04E95020FFF065008EE62D /* RestaurantViewController.swift */; };
		4C04E95320FFF5B9008EE62D /* Extensions.swift in Sources */ = {isa = PBXBuildFile; fileRef = 4C04E95220FFF5B9008EE62D /* Extensions.swift */; };
		FE06233B21000F8000885FF2 /* RecipieModel.swift in Sources */ = {isa = PBXBuildFile; fileRef = FE06233A21000F8000885FF2 /* RecipieModel.swift */; };
		FE06233D21000F9300885FF2 /* RestaurantModel.swift in Sources */ = {isa = PBXBuildFile; fileRef = FE06233C21000F9300885FF2 /* RestaurantModel.swift */; };
/* End PBXBuildFile section */

/* Begin PBXFileReference section */
		4C04E93320FFECEB008EE62D /* FoodFinder.app */ = {isa = PBXFileReference; explicitFileType = wrapper.application; includeInIndex = 0; path = FoodFinder.app; sourceTree = BUILT_PRODUCTS_DIR; };
		4C04E93620FFECEB008EE62D /* AppDelegate.swift */ = {isa = PBXFileReference; lastKnownFileType = sourcecode.swift; path = AppDelegate.swift; sourceTree = "<group>"; };
		4C04E93820FFECEB008EE62D /* MainViewController.swift */ = {isa = PBXFileReference; lastKnownFileType = sourcecode.swift; path = MainViewController.swift; sourceTree = "<group>"; };
		4C04E93D20FFECEB008EE62D /* Assets.xcassets */ = {isa = PBXFileReference; lastKnownFileType = folder.assetcatalog; path = Assets.xcassets; sourceTree = "<group>"; };
		4C04E94020FFECEB008EE62D /* Base */ = {isa = PBXFileReference; lastKnownFileType = file.storyboard; name = Base; path = Base.lproj/LaunchScreen.storyboard; sourceTree = "<group>"; };
		4C04E94220FFECEB008EE62D /* Info.plist */ = {isa = PBXFileReference; lastKnownFileType = text.plist.xml; path = Info.plist; sourceTree = "<group>"; };
		4C04E94820FFED1F008EE62D /* Main.storyboard */ = {isa = PBXFileReference; fileEncoding = 4; lastKnownFileType = file.storyboard; path = Main.storyboard; sourceTree = "<group>"; };
		4C04E94A20FFEE19008EE62D /* RecepieCusineSelectorViewController.swift */ = {isa = PBXFileReference; lastKnownFileType = sourcecode.swift; path = RecepieCusineSelectorViewController.swift; sourceTree = "<group>"; };
		4C04E94C20FFEEC5008EE62D /* RestaurantCusineSelectorViewController.swift */ = {isa = PBXFileReference; lastKnownFileType = sourcecode.swift; path = RestaurantCusineSelectorViewController.swift; sourceTree = "<group>"; };
		4C04E94E20FFF051008EE62D /* RecepieViewController.swift */ = {isa = PBXFileReference; lastKnownFileType = sourcecode.swift; path = RecepieViewController.swift; sourceTree = "<group>"; };
		4C04E95020FFF065008EE62D /* RestaurantViewController.swift */ = {isa = PBXFileReference; lastKnownFileType = sourcecode.swift; path = RestaurantViewController.swift; sourceTree = "<group>"; };
		4C04E95220FFF5B9008EE62D /* Extensions.swift */ = {isa = PBXFileReference; lastKnownFileType = sourcecode.swift; path = Extensions.swift; sourceTree = "<group>"; };
		FE06233A21000F8000885FF2 /* RecipieModel.swift */ = {isa = PBXFileReference; lastKnownFileType = sourcecode.swift; path = RecipieModel.swift; sourceTree = "<group>"; };
		FE06233C21000F9300885FF2 /* RestaurantModel.swift */ = {isa = PBXFileReference; lastKnownFileType = sourcecode.swift; path = RestaurantModel.swift; sourceTree = "<group>"; };
/* End PBXFileReference section */

/* Begin PBXFrameworksBuildPhase section */
		4C04E93020FFECEB008EE62D /* Frameworks */ = {
			isa = PBXFrameworksBuildPhase;
			buildActionMask = 2147483647;
			files = (
			);
			runOnlyForDeploymentPostprocessing = 0;
		};
/* End PBXFrameworksBuildPhase section */

/* Begin PBXGroup section */
		4C04E92A20FFECEB008EE62D = {
			isa = PBXGroup;
			children = (
				4C04E93520FFECEB008EE62D /* FoodFinder */,
				4C04E93420FFECEB008EE62D /* Products */,
			);
			sourceTree = "<group>";
		};
		4C04E93420FFECEB008EE62D /* Products */ = {
			isa = PBXGroup;
			children = (
				4C04E93320FFECEB008EE62D /* FoodFinder.app */,
			);
			name = Products;
			sourceTree = "<group>";
		};
		4C04E93520FFECEB008EE62D /* FoodFinder */ = {
			isa = PBXGroup;
			children = (
				FE06233821000E9000885FF2 /* Singleton */,
				FE06233921000F5C00885FF2 /* Model */,
				4C04E93820FFECEB008EE62D /* MainViewController.swift */,
				4C04E94A20FFEE19008EE62D /* RecepieCusineSelectorViewController.swift */,
				4C04E94C20FFEEC5008EE62D /* RestaurantCusineSelectorViewController.swift */,
				4C04E94E20FFF051008EE62D /* RecepieViewController.swift */,
				4C04E95020FFF065008EE62D /* RestaurantViewController.swift */,
				4C04E95220FFF5B9008EE62D /* Extensions.swift */,
				FE06233721000E6000885FF2 /* Resource Files */,
			);
			path = FoodFinder;
			sourceTree = "<group>";
		};
		FE06233721000E6000885FF2 /* Resource Files */ = {
			isa = PBXGroup;
			children = (
				4C04E94820FFED1F008EE62D /* Main.storyboard */,
				4C04E93F20FFECEB008EE62D /* LaunchScreen.storyboard */,
				4C04E93D20FFECEB008EE62D /* Assets.xcassets */,
				4C04E94220FFECEB008EE62D /* Info.plist */,
			);
			path = "Resource Files";
			sourceTree = "<group>";
		};
		FE06233821000E9000885FF2 /* Singleton */ = {
			isa = PBXGroup;
			children = (
				4C04E93620FFECEB008EE62D /* AppDelegate.swift */,
			);
			path = Singleton;
			sourceTree = "<group>";
		};
		FE06233921000F5C00885FF2 /* Model */ = {
			isa = PBXGroup;
			children = (
				FE06233A21000F8000885FF2 /* RecipieModel.swift */,
				FE06233C21000F9300885FF2 /* RestaurantModel.swift */,
			);
			path = Model;
			sourceTree = "<group>";
		};
/* End PBXGroup section */

/* Begin PBXNativeTarget section */
		4C04E93220FFECEB008EE62D /* FoodFinder */ = {
			isa = PBXNativeTarget;
			buildConfigurationList = 4C04E94520FFECEB008EE62D /* Build configuration list for PBXNativeTarget "FoodFinder" */;
			buildPhases = (
				4C04E92F20FFECEB008EE62D /* Sources */,
				4C04E93020FFECEB008EE62D /* Frameworks */,
				4C04E93120FFECEB008EE62D /* Resources */,
			);
			buildRules = (
			);
			dependencies = (
			);
			name = FoodFinder;
			productName = FoodFinder;
			productReference = 4C04E93320FFECEB008EE62D /* FoodFinder.app */;
			productType = "com.apple.product-type.application";
		};
/* End PBXNativeTarget section */

/* Begin PBXProject section */
		4C04E92B20FFECEB008EE62D /* Project object */ = {
			isa = PBXProject;
			attributes = {
				LastSwiftUpdateCheck = 0940;
				LastUpgradeCheck = 0940;
				ORGANIZATIONNAME = "Maryem W Ali";
				TargetAttributes = {
					4C04E93220FFECEB008EE62D = {
						CreatedOnToolsVersion = 9.4.1;
						ProvisioningStyle = Automatic;
					};
				};
			};
			buildConfigurationList = 4C04E92E20FFECEB008EE62D /* Build configuration list for PBXProject "FoodFinder" */;
			compatibilityVersion = "Xcode 8.0";
			developmentRegion = en;
			hasScannedForEncodings = 0;
			knownRegions = (
				en,
				Base,
			);
			mainGroup = 4C04E92A20FFECEB008EE62D;
			productRefGroup = 4C04E93420FFECEB008EE62D /* Products */;
			projectDirPath = "";
			projectRoot = "";
			targets = (
				4C04E93220FFECEB008EE62D /* FoodFinder */,
			);
		};
/* End PBXProject section */

/* Begin PBXResourcesBuildPhase section */
		4C04E93120FFECEB008EE62D /* Resources */ = {
			isa = PBXResourcesBuildPhase;
			buildActionMask = 2147483647;
			files = (
				4C04E94120FFECEB008EE62D /* LaunchScreen.storyboard in Resources */,
				4C04E93E20FFECEB008EE62D /* Assets.xcassets in Resources */,
				4C04E94920FFED20008EE62D /* Main.storyboard in Resources */,
			);
			runOnlyForDeploymentPostprocessing = 0;
		};
/* End PBXResourcesBuildPhase section */

/* Begin PBXSourcesBuildPhase section */
		4C04E92F20FFECEB008EE62D /* Sources */ = {
			isa = PBXSourcesBuildPhase;
			buildActionMask = 2147483647;
			files = (
				4C04E93920FFECEB008EE62D /* MainViewController.swift in Sources */,
				FE06233D21000F9300885FF2 /* RestaurantModel.swift in Sources */,
				4C04E95120FFF065008EE62D /* RestaurantViewController.swift in Sources */,
				4C04E94B20FFEE19008EE62D /* RecepieCusineSelectorViewController.swift in Sources */,
				4C04E94F20FFF051008EE62D /* RecepieViewController.swift in Sources */,
				4C04E93720FFECEB008EE62D /* AppDelegate.swift in Sources */,
				4C04E94D20FFEEC5008EE62D /* RestaurantCusineSelectorViewController.swift in Sources */,
				4C04E95320FFF5B9008EE62D /* Extensions.swift in Sources */,
				FE06233B21000F8000885FF2 /* RecipieModel.swift in Sources */,
			);
			runOnlyForDeploymentPostprocessing = 0;
		};
/* End PBXSourcesBuildPhase section */

/* Begin PBXVariantGroup section */
		4C04E93F20FFECEB008EE62D /* LaunchScreen.storyboard */ = {
			isa = PBXVariantGroup;
			children = (
				4C04E94020FFECEB008EE62D /* Base */,
			);
			name = LaunchScreen.storyboard;
			sourceTree = "<group>";
		};
/* End PBXVariantGroup section */

/* Begin XCBuildConfiguration section */
		4C04E94320FFECEB008EE62D /* Debug */ = {
			isa = XCBuildConfiguration;
			buildSettings = {
				ALWAYS_SEARCH_USER_PATHS = NO;
				CLANG_ANALYZER_NONNULL = YES;
				CLANG_ANALYZER_NUMBER_OBJECT_CONVERSION = YES_AGGRESSIVE;
				CLANG_CXX_LANGUAGE_STANDARD = "gnu++14";
				CLANG_CXX_LIBRARY = "libc++";
				CLANG_ENABLE_MODULES = YES;
				CLANG_ENABLE_OBJC_ARC = YES;
				CLANG_ENABLE_OBJC_WEAK = YES;
				CLANG_WARN_BLOCK_CAPTURE_AUTORELEASING = YES;
				CLANG_WARN_BOOL_CONVERSION = YES;
				CLANG_WARN_COMMA = YES;
				CLANG_WARN_CONSTANT_CONVERSION = YES;
				CLANG_WARN_DEPRECATED_OBJC_IMPLEMENTATIONS = YES;
				CLANG_WARN_DIRECT_OBJC_ISA_USAGE = YES_ERROR;
				CLANG_WARN_DOCUMENTATION_COMMENTS = YES;
				CLANG_WARN_EMPTY_BODY = YES;
				CLANG_WARN_ENUM_CONVERSION = YES;
				CLANG_WARN_INFINITE_RECURSION = YES;
				CLANG_WARN_INT_CONVERSION = YES;
				CLANG_WARN_NON_LITERAL_NULL_CONVERSION = YES;
				CLANG_WARN_OBJC_IMPLICIT_RETAIN_SELF = YES;
				CLANG_WARN_OBJC_LITERAL_CONVERSION = YES;
				CLANG_WARN_OBJC_ROOT_CLASS = YES_ERROR;
				CLANG_WARN_RANGE_LOOP_ANALYSIS = YES;
				CLANG_WARN_STRICT_PROTOTYPES = YES;
				CLANG_WARN_SUSPICIOUS_MOVE = YES;
				CLANG_WARN_UNGUARDED_AVAILABILITY = YES_AGGRESSIVE;
				CLANG_WARN_UNREACHABLE_CODE = YES;
				CLANG_WARN__DUPLICATE_METHOD_MATCH = YES;
				CODE_SIGN_IDENTITY = "iPhone Developer";
				COPY_PHASE_STRIP = NO;
				DEBUG_INFORMATION_FORMAT = dwarf;
				ENABLE_STRICT_OBJC_MSGSEND = YES;
				ENABLE_TESTABILITY = YES;
				GCC_C_LANGUAGE_STANDARD = gnu11;
				GCC_DYNAMIC_NO_PIC = NO;
				GCC_NO_COMMON_BLOCKS = YES;
				GCC_OPTIMIZATION_LEVEL = 0;
				GCC_PREPROCESSOR_DEFINITIONS = (
					"DEBUG=1",
					"$(inherited)",
				);
				GCC_WARN_64_TO_32_BIT_CONVERSION = YES;
				GCC_WARN_ABOUT_RETURN_TYPE = YES_ERROR;
				GCC_WARN_UNDECLARED_SELECTOR = YES;
				GCC_WARN_UNINITIALIZED_AUTOS = YES_AGGRESSIVE;
				GCC_WARN_UNUSED_FUNCTION = YES;
				GCC_WARN_UNUSED_VARIABLE = YES;
				IPHONEOS_DEPLOYMENT_TARGET = 11.4;
				MTL_ENABLE_DEBUG_INFO = YES;
				ONLY_ACTIVE_ARCH = YES;
				SDKROOT = iphoneos;
				SWIFT_ACTIVE_COMPILATION_CONDITIONS = DEBUG;
				SWIFT_OPTIMIZATION_LEVEL = "-Onone";
			};
			name = Debug;
		};
		4C04E94420FFECEB008EE62D /* Release */ = {
			isa = XCBuildConfiguration;
			buildSettings = {
				ALWAYS_SEARCH_USER_PATHS = NO;
				CLANG_ANALYZER_NONNULL = YES;
				CLANG_ANALYZER_NUMBER_OBJECT_CONVERSION = YES_AGGRESSIVE;
				CLANG_CXX_LANGUAGE_STANDARD = "gnu++14";
				CLANG_CXX_LIBRARY = "libc++";
				CLANG_ENABLE_MODULES = YES;
				CLANG_ENABLE_OBJC_ARC = YES;
				CLANG_ENABLE_OBJC_WEAK = YES;
				CLANG_WARN_BLOCK_CAPTURE_AUTORELEASING = YES;
				CLANG_WARN_BOOL_CONVERSION = YES;
				CLANG_WARN_COMMA = YES;
				CLANG_WARN_CONSTANT_CONVERSION = YES;
				CLANG_WARN_DEPRECATED_OBJC_IMPLEMENTATIONS = YES;
				CLANG_WARN_DIRECT_OBJC_ISA_USAGE = YES_ERROR;
				CLANG_WARN_DOCUMENTATION_COMMENTS = YES;
				CLANG_WARN_EMPTY_BODY = YES;
				CLANG_WARN_ENUM_CONVERSION = YES;
				CLANG_WARN_INFINITE_RECURSION = YES;
				CLANG_WARN_INT_CONVERSION = YES;
				CLANG_WARN_NON_LITERAL_NULL_CONVERSION = YES;
				CLANG_WARN_OBJC_IMPLICIT_RETAIN_SELF = YES;
				CLANG_WARN_OBJC_LITERAL_CONVERSION = YES;
				CLANG_WARN_OBJC_ROOT_CLASS = YES_ERROR;
				CLANG_WARN_RANGE_LOOP_ANALYSIS = YES;
				CLANG_WARN_STRICT_PROTOTYPES = YES;
				CLANG_WARN_SUSPICIOUS_MOVE = YES;
				CLANG_WARN_UNGUARDED_AVAILABILITY = YES_AGGRESSIVE;
				CLANG_WARN_UNREACHABLE_CODE = YES;
				CLANG_WARN__DUPLICATE_METHOD_MATCH = YES;
				CODE_SIGN_IDENTITY = "iPhone Developer";
				COPY_PHASE_STRIP = NO;
				DEBUG_INFORMATION_FORMAT = "dwarf-with-dsym";
				ENABLE_NS_ASSERTIONS = NO;
				ENABLE_STRICT_OBJC_MSGSEND = YES;
				GCC_C_LANGUAGE_STANDARD = gnu11;
				GCC_NO_COMMON_BLOCKS = YES;
				GCC_WARN_64_TO_32_BIT_CONVERSION = YES;
				GCC_WARN_ABOUT_RETURN_TYPE = YES_ERROR;
				GCC_WARN_UNDECLARED_SELECTOR = YES;
				GCC_WARN_UNINITIALIZED_AUTOS = YES_AGGRESSIVE;
				GCC_WARN_UNUSED_FUNCTION = YES;
				GCC_WARN_UNUSED_VARIABLE = YES;
				IPHONEOS_DEPLOYMENT_TARGET = 11.4;
				MTL_ENABLE_DEBUG_INFO = NO;
				SDKROOT = iphoneos;
				SWIFT_OPTIMIZATION_LEVEL = "-Owholemodule";
				VALIDATE_PRODUCT = YES;
			};
			name = Release;
		};
		4C04E94620FFECEB008EE62D /* Debug */ = {
			isa = XCBuildConfiguration;
			buildSettings = {
				ASSETCATALOG_COMPILER_APPICON_NAME = AppIcon;
				CODE_SIGN_STYLE = Automatic;
				DEVELOPMENT_TEAM = DFUU36AARG;
				INFOPLIST_FILE = "$(SRCROOT)/FoodFinder/Resource Files/Info.plist";
				IPHONEOS_DEPLOYMENT_TARGET = 11.2;
				LD_RUNPATH_SEARCH_PATHS = "$(inherited) @executable_path/Frameworks";
				PRODUCT_BUNDLE_IDENTIFIER = batist;
				PRODUCT_NAME = "$(TARGET_NAME)";
				SWIFT_VERSION = 4.0;
				TARGETED_DEVICE_FAMILY = "1,2";
			};
			name = Debug;
		};
		4C04E94720FFECEB008EE62D /* Release */ = {
			isa = XCBuildConfiguration;
			buildSettings = {
				ASSETCATALOG_COMPILER_APPICON_NAME = AppIcon;
				CODE_SIGN_STYLE = Automatic;
				DEVELOPMENT_TEAM = DFUU36AARG;
				INFOPLIST_FILE = "$(SRCROOT)/FoodFinder/Resource Files/Info.plist";
				IPHONEOS_DEPLOYMENT_TARGET = 11.2;
				LD_RUNPATH_SEARCH_PATHS = "$(inherited) @executable_path/Frameworks";
				PRODUCT_BUNDLE_IDENTIFIER = batist;
				PRODUCT_NAME = "$(TARGET_NAME)";
				SWIFT_VERSION = 4.0;
				TARGETED_DEVICE_FAMILY = "1,2";
			};
			name = Release;
		};
/* End XCBuildConfiguration section */

/* Begin XCConfigurationList section */
		4C04E92E20FFECEB008EE62D /* Build configuration list for PBXProject "FoodFinder" */ = {
			isa = XCConfigurationList;
			buildConfigurations = (
				4C04E94320FFECEB008EE62D /* Debug */,
				4C04E94420FFECEB008EE62D /* Release */,
			);
			defaultConfigurationIsVisible = 0;
			defaultConfigurationName = Release;
		};
		4C04E94520FFECEB008EE62D /* Build configuration list for PBXNativeTarget "FoodFinder" */ = {
			isa = XCConfigurationList;
			buildConfigurations = (
				4C04E94620FFECEB008EE62D /* Debug */,
				4C04E94720FFECEB008EE62D /* Release */,
			);
			defaultConfigurationIsVisible = 0;
			defaultConfigurationName = Release;
		};
/* End XCConfigurationList section */
	};
	rootObject = 4C04E92B20FFECEB008EE62D /* Project object */;
}
